
Microsoft Visual Studio Solution File, Format Version 12.00
# Visual Studio Version 16
VisualStudioVersion = 16.0.31410.357
MinimumVisualStudioVersion = 10.0.40219.1
Project("{FAE04EC0-301F-11D3-BF4B-00C04F79EFBC}") = "Shop.Orders.Api", "Shop.Orders.Api\Shop.Orders.Api.csproj", "{EB0F3317-6436-4B93-B3AD-75A4669CE8AD}"
EndProject
Project("{FAE04EC0-301F-11D3-BF4B-00C04F79EFBC}") = "Shop.Orders.Application", "Shop.Orders.Application\Shop.Orders.Application.csproj", "{F99A014B-CF6A-4B54-A61A-A20E39ADBB08}"
EndProject
Project("{9A19103F-16F7-4668-BE54-9A1E7A4F7556}") = "Shop.Orders.Repository.InMemory", "Shop.Orders.Repository.InMemory\Shop.Orders.Repository.InMemory.csproj", "{12C0D40B-91E4-45EB-A743-A7AB2722FA28}"
EndProject
Project("{FAE04EC0-301F-11D3-BF4B-00C04F79EFBC}") = "Shop.Orders.DataViews", "Shop.Orders.DataViews\Shop.Orders.DataViews.csproj", "{BD2457F9-516F-4DA9-AA17-2B29188D9BDE}"
EndProject
Project("{FAE04EC0-301F-11D3-BF4B-00C04F79EFBC}") = "Shop.Orders.ComponentTests", "Shop.Orders.ComponentTests\Shop.Orders.ComponentTests.csproj", "{C17B4131-C176-4D6E-931A-19CF6AC8E5EE}"
EndProject
Global
	GlobalSection(SolutionConfigurationPlatforms) = preSolution
		Debug|Any CPU = Debug|Any CPU
		Release|Any CPU = Release|Any CPU
	EndGlobalSection
	GlobalSection(ProjectConfigurationPlatforms) = postSolution
		{EB0F3317-6436-4B93-B3AD-75A4669CE8AD}.Debug|Any CPU.ActiveCfg = Debug|Any CPU
		{EB0F3317-6436-4B93-B3AD-75A4669CE8AD}.Debug|Any CPU.Build.0 = Debug|Any CPU
		{EB0F3317-6436-4B93-B3AD-75A4669CE8AD}.Release|Any CPU.ActiveCfg = Release|Any CPU
		{EB0F3317-6436-4B93-B3AD-75A4669CE8AD}.Release|Any CPU.Build.0 = Release|Any CPU
		{F99A014B-CF6A-4B54-A61A-A20E39ADBB08}.Debug|Any CPU.ActiveCfg = Debug|Any CPU
		{F99A014B-CF6A-4B54-A61A-A20E39ADBB08}.Debug|Any CPU.Build.0 = Debug|Any CPU
		{F99A014B-CF6A-4B54-A61A-A20E39ADBB08}.Release|Any CPU.ActiveCfg = Release|Any CPU
		{F99A014B-CF6A-4B54-A61A-A20E39ADBB08}.Release|Any CPU.Build.0 = Release|Any CPU
		{12C0D40B-91E4-45EB-A743-A7AB2722FA28}.Debug|Any CPU.ActiveCfg = Debug|Any CPU
		{12C0D40B-91E4-45EB-A743-A7AB2722FA28}.Debug|Any CPU.Build.0 = Debug|Any CPU
		{12C0D40B-91E4-45EB-A743-A7AB2722FA28}.Release|Any CPU.ActiveCfg = Release|Any CPU
		{12C0D40B-91E4-45EB-A743-A7AB2722FA28}.Release|Any CPU.Build.0 = Release|Any CPU
		{BD2457F9-516F-4DA9-AA17-2B29188D9BDE}.Debug|Any CPU.ActiveCfg = Debug|Any CPU
		{BD2457F9-516F-4DA9-AA17-2B29188D9BDE}.Debug|Any CPU.Build.0 = Debug|Any CPU
		{BD2457F9-516F-4DA9-AA17-2B29188D9BDE}.Release|Any CPU.ActiveCfg = Release|Any CPU
		{BD2457F9-516F-4DA9-AA17-2B29188D9BDE}.Release|Any CPU.Build.0 = Release|Any CPU
		{C17B4131-C176-4D6E-931A-19CF6AC8E5EE}.Debug|Any CPU.ActiveCfg = Debug|Any CPU
		{C17B4131-C176-4D6E-931A-19CF6AC8E5EE}.Debug|Any CPU.Build.0 = Debug|Any CPU
		{C17B4131-C176-4D6E-931A-19CF6AC8E5EE}.Release|Any CPU.ActiveCfg = Release|Any CPU
		{C17B4131-C176-4D6E-931A-19CF6AC8E5EE}.Release|Any CPU.Build.0 = Release|Any CPU
	EndGlobalSection
	GlobalSection(SolutionProperties) = preSolution
		HideSolutionNode = FALSE
	EndGlobalSection
	GlobalSection(ExtensibilityGlobals) = postSolution
		SolutionGuid = {D364A668-B36B-43A4-995E-5476B5152A80}
	EndGlobalSection
EndGlobal
